PODS:
  - Alamofire (3.4.1)
  - Moya (7.0.0):
    - Moya/Core (= 7.0.0)
  - Moya/Core (7.0.0):
    - Alamofire (~> 3.0)
    - Result (~> 2.0)
  - Moya/RxSwift (7.0.0):
    - Moya/Core
    - RxSwift (~> 2.0)
  - ObjectMapper (1.3.0)
  - Result (2.1.3)
  - RxAlamofire (2.5):
    - RxAlamofire/Core (= 2.5)
  - RxAlamofire/Core (2.5):
    - Alamofire (~> 3.4)
    - RxSwift (~> 2.5)
  - RxCocoa (2.6.0):
    - RxSwift (~> 2.5)
  - RxDataSources (0.9):
    - RxCocoa (~> 2.2)
    - RxSwift (~> 2.2)
  - RxSwift (2.6.0)
  - Then (1.0.3)

DEPENDENCIES:
  - Moya
  - Moya/RxSwift
  - ObjectMapper
  - RxAlamofire
  - RxCocoa (~> 2.6.0)
  - RxDataSources (~> 0.9)
  - RxSwift (~> 2.6.0)
  - Then

SPEC CHECKSUMS:
  Alamofire: 01a82e2f6c0f860ade35534c8dd88be61bdef40c
  Moya: f004b82418fb8165ee1fc9f86190db4b3611fda9
  ObjectMapper: 4eb08a726e9791a93b2632049951b56a7c17e471
  Result: 18e1a7597fbcca5923c565b40a25a98afafdee02
  RxAlamofire: b4572a077b6b2410c8732a27266299df4c00736e
  RxCocoa: 89ab00d5753502520227940e3a0e0a0413683c6b
  RxDataSources: e169bba94a7be584df7c1e1487fa56edc8753ae6
  RxSwift: 77f3a0b15324baa7a1c9bfa9f199648a82424e26
  Then: c2502b763132c80dfa64d325065d70c45e2d48ca

PODFILE CHECKSUM: 14452b78b5bb16e674319c5290ee5ecddca7dcc4

COCOAPODS: 1.0.1
